# THIS IS AN AUTOGENERATED FILE. DO NOT EDIT THIS FILE DIRECTLY.
# yarn lockfile v1


"@playwright/test@^1.30.0":
  version "1.30.0"
  resolved "https://registry.yarnpkg.com/@playwright/test/-/test-1.30.0.tgz#8c0c4930ff2c7be7b3ec3fd434b2a3b4465ed7cb"
  integrity sha512-SVxkQw1xvn/Wk/EvBnqWIq6NLo1AppwbYOjNLmyU0R1RoQ3rLEBtmjTnElcnz8VEtn11fptj1ECxK0tgURhajw==
  dependencies:
    "@types/node" "*"
    playwright-core "1.30.0"

"@types/node@*", "@types/node@^18.11.19":
  version "18.11.19"
  resolved "https://registry.yarnpkg.com/@types/node/-/node-18.11.19.tgz#35e26df9ec441ab99d73e99e9aca82935eea216d"
  integrity sha512-YUgMWAQBWLObABqrvx8qKO1enAvBUdjZOAWQ5grBAkp5LQv45jBvYKZ3oFS9iKRCQyFjqw6iuEa1vmFqtxYLZw==

allure-js-commons@2.0.0-beta.25:
  version "2.0.0-beta.25"
  resolved "https://registry.yarnpkg.com/allure-js-commons/-/allure-js-commons-2.0.0-beta.25.tgz#6e7c2ba5649ed31aa63a73fcf80c0fd7185d3a40"
  integrity sha512-g74FNMBnxy0vKN7tJhN5RUuZKUm27eGAHkIkF51ipEGMFXUM/7pJsMiIV8AIeZU2dzUKQXRhQ6Zw+j5PVookhg==
  dependencies:
    properties "^1.2.1"
    uuid "^8.3.0"

allure-playwright@^2.0.0-beta.25:
  version "2.0.0-beta.25"
  resolved "https://registry.yarnpkg.com/allure-playwright/-/allure-playwright-2.0.0-beta.25.tgz#0777001f67a83d68bc9bd7037d035078a2603268"
  integrity sha512-UsWaScUaO3SIJI5P0Tav4YdYM7R/ZwS7bD19zHA6DjIwBlXBDCrKf8mx1vf+fyzQILxppqx/LMxL2FZnikdeNg==
  dependencies:
    allure-js-commons "2.0.0-beta.25"

playwright-core@1.30.0:
  version "1.30.0"
  resolved "https://registry.yarnpkg.com/playwright-core/-/playwright-core-1.30.0.tgz#de987cea2e86669e3b85732d230c277771873285"
  integrity sha512-7AnRmTCf+GVYhHbLJsGUtskWTE33SwMZkybJ0v6rqR1boxq2x36U7p1vDRV7HO2IwTZgmycracLxPEJI49wu4g==

properties@^1.2.1:
  version "1.2.1"
  resolved "https://registry.yarnpkg.com/properties/-/properties-1.2.1.tgz#0ee97a7fc020b1a2a55b8659eda4aa8d869094bd"
  integrity sha512-qYNxyMj1JeW54i/EWEFsM1cVwxJbtgPp8+0Wg9XjNaK6VE/c4oRi6PNu5p7w1mNXEIQIjV5Wwn8v8Gz82/QzdQ==

typescript@^4.9.5:
  version "4.9.5"
  resolved "https://registry.yarnpkg.com/typescript/-/typescript-4.9.5.tgz#095979f9bcc0d09da324d58d03ce8f8374cbe65a"
  integrity sha512-1FXk9E2Hm+QzZQ7z+McJiHL4NW1F2EzMu9Nq9i3zAaGqibafqYwCVU6WyWAuyQRRzOlxou8xZSyXLEN8oKj24g==

uuid@^8.3.0:
  version "8.3.2"
  resolved "https://registry.yarnpkg.com/uuid/-/uuid-8.3.2.tgz#80d5b5ced271bb9af6c445f21a1a04c606cefbe2"
  integrity sha512-+NYs2QeMWy+GWFOEm9xnn6HCDp0l7QBD7ml8zLUmJ+93Q5NF0NocErnwkTkXVFNiX3/fpC6afS8Dhb/gz7R7eg==
